
Microsoft Visual Studio Solution File, Format Version 12.00
# Visual Studio Version 16
VisualStudioVersion = 16.0.31729.503
MinimumVisualStudioVersion = 10.0.40219.1
Project("{FAE04EC0-301F-11D3-BF4B-00C04F79EFBC}") = "Abstract", "Abstract\Abstract.csproj", "{BBDF7B2D-7821-41C4-A30B-E8A857633F4C}"
EndProject
Global
	GlobalSection(SolutionConfigurationPlatforms) = preSolution
		Debug|Any CPU = Debug|Any CPU
		Release|Any CPU = Release|Any CPU
	EndGlobalSection
	GlobalSection(ProjectConfigurationPlatforms) = postSolution
		{BBDF7B2D-7821-41C4-A30B-E8A857633F4C}.Debug|Any CPU.ActiveCfg = Debug|Any CPU
		{BBDF7B2D-7821-41C4-A30B-E8A857633F4C}.Debug|Any CPU.Build.0 = Debug|Any CPU
		{BBDF7B2D-7821-41C4-A30B-E8A857633F4C}.Release|Any CPU.ActiveCfg = Release|Any CPU
		{BBDF7B2D-7821-41C4-A30B-E8A857633F4C}.Release|Any CPU.Build.0 = Release|Any CPU
	EndGlobalSection
	GlobalSection(SolutionProperties) = preSolution
		HideSolutionNode = FALSE
	EndGlobalSection
	GlobalSection(ExtensibilityGlobals) = postSolution
		SolutionGuid = {992B6DC4-38AC-45DA-85B8-D5EE07D9119A}
	EndGlobalSection
EndGlobal
